<?xml version="1.0" encoding="utf-8"?>
<Project ToolsVersion="4.0" xmlns="http://schemas.microsoft.com/developer/msbuild/2003">
  <ItemGroup>
    <Filter Include="Source Files">
      <UniqueIdentifier>{4FC737F1-C7A5-4376-A066-2A32D752A2FF}</UniqueIdentifier>
      <Extensions>cpp;c;cc;cxx;c++;cppm;ixx;def;odl;idl;hpj;bat;asm;asmx</Extensions>
    </Filter>
    <Filter Include="Header Files">
      <UniqueIdentifier>{93995380-89BD-4b04-88EB-625FBE52EBFB}</UniqueIdentifier>
      <Extensions>h;hh;hpp;hxx;h++;hm;inl;inc;ipp;xsd</Extensions>
    </Filter>
    <Filter Include="Resource Files">
      <UniqueIdentifier>{67DA6AB6-F800-4c08-8B7A-83BB121AAD01}</UniqueIdentifier>
      <Extensions>rc;ico;cur;bmp;dlg;rc2;rct;bin;rgs;gif;jpg;jpeg;jpe;resx;tiff;tif;png;wav;mfcribbon-ms</Extensions>
    </Filter>
  </ItemGroup>
  <ItemGroup>
    <ClCompile Include="main.c">
      <Filter>Source Files</Filter>
    </ClCompile>
    <ClCompile Include="dynamic_array.c">
      <Filter>Source Files</Filter>
    </ClCompile>
    <ClCompile Include="quick_quizzes.c">
      <Filter>Source Files</Filter>
    </ClCompile>
    <ClCompile Include="forward_list.c">
      <Filter>Source Files</Filter>
    </ClCompile>
    <ClCompile Include="stack.c">
      <Filter>Source Files</Filter>
    </ClCompile>
    <ClCompile Include="main.cpp">
      <Filter>Source Files</Filter>
    </ClCompile>
    <ClCompile Include="int_wrapper.cpp">
      <Filter>Source Files</Filter>
    </ClCompile>
    <ClCompile Include="one_more_main.c">
      <Filter>Source Files</Filter>
    </ClCompile>
  </ItemGroup>
  <ItemGroup>
    <Text Include="inputFile.txt">
      <Filter>Resource Files</Filter>
    </Text>
    <Text Include="schedule.txt">
      <Filter>Resource Files</Filter>
    </Text>
    <Text Include="producers.txt">
      <Filter>Resource Files</Filter>
    </Text>
    <Text Include="puksrenjk.txt" />
  </ItemGroup>
  <ItemGroup>
    <ClInclude Include="dynamic_array.h">
      <Filter>Header Files</Filter>
    </ClInclude>
    <ClInclude Include="quick_quizzes.h">
      <Filter>Header Files</Filter>
    </ClInclude>
    <ClInclude Include="seminar_25_10_20.h">
      <Filter>Header Files</Filter>
    </ClInclude>
    <ClInclude Include="seminar_25_09_08.h">
      <Filter>Header Files</Filter>
    </ClInclude>
    <ClInclude Include="seminar_25_09_29.h">
      <Filter>Header Files</Filter>
    </ClInclude>
    <ClInclude Include="seminar_25_11_03.h">
      <Filter>Header Files</Filter>
    </ClInclude>
    <ClInclude Include="seminar_25_11_10.h">
      <Filter>Header Files</Filter>
    </ClInclude>
    <ClInclude Include="forward_list.h">
      <Filter>Header Files</Filter>
    </ClInclude>
    <ClInclude Include="stack.h">
      <Filter>Header Files</Filter>
    </ClInclude>
    <ClInclude Include="seminar_25_09_15.h">
      <Filter>Header Files</Filter>
    </ClInclude>
    <ClInclude Include="seminar_25_09_22.h">
      <Filter>Header Files</Filter>
    </ClInclude>
    <ClInclude Include="seminar_25_10_06.h">
      <Filter>Header Files</Filter>
    </ClInclude>
    <ClInclude Include="seminar_25_10_13.h">
      <Filter>Header Files</Filter>
    </ClInclude>
    <ClInclude Include="seminar_25_10_27.h">
      <Filter>Header Files</Filter>
    </ClInclude>
    <ClInclude Include="seminar_25_11_24.h">
      <Filter>Header Files</Filter>
    </ClInclude>
    <ClInclude Include="seminar_25_12_01.h">
      <Filter>Header Files</Filter>
    </ClInclude>
    <ClInclude Include="int_wrapper.h">
      <Filter>Source Files</Filter>
    </ClInclude>
    <ClInclude Include="priority_queue.h">
      <Filter>Header Files</Filter>
    </ClInclude>
    <ClInclude Include="binomial_priority_queue.h">
      <Filter>Header Files</Filter>
    </ClInclude>
    <ClInclude Include="mergeable_priority_queue.h">
      <Filter>Header Files</Filter>
    </ClInclude>
    <ClInclude Include="trie.h">
      <Filter>Header Files</Filter>
    </ClInclude>
    <ClInclude Include="arithmetic_expressions_context.h">
      <Filter>Header Files</Filter>
    </ClInclude>
  </ItemGroup>
</Project>