
Microsoft Visual Studio Solution File, Format Version 12.00
Project("{FAE04EC0-301F-11D3-BF4B-00C04F79EFBC}") = "DACS.HelloWorld", "DACS.HelloWorld\DACS.HelloWorld.csproj", "{B42C4E4D-1B2E-428F-BC51-DEF34F239F6C}"
EndProject
Project("{FAE04EC0-301F-11D3-BF4B-00C04F79EFBC}") = "DACS.WPF.MVVM", "DACS.WPF.MVVM\DACS.WPF.MVVM.csproj", "{CBFD096E-3AB0-4BC1-AD42-8FCA449E1374}"
EndProject
Project("{FAE04EC0-301F-11D3-BF4B-00C04F79EFBC}") = "DACS.MultithreadingAndAsynchronious", "DACS.MultithreadingAndAsynchronious\DACS.MultithreadingAndAsynchronious.csproj", "{0C8B3BEE-01DD-4A38-A673-6F3A713862AA}"
EndProject
Project("{FAE04EC0-301F-11D3-BF4B-00C04F79EFBC}") = "DACS.DependencyProperties", "DACS.DependencyProperties\DACS.DependencyProperties.csproj", "{881856A4-64CF-476A-8BFB-ECFD2AA23E16}"
EndProject
Project("{FAE04EC0-301F-11D3-BF4B-00C04F79EFBC}") = "DACS.RedisSample.Domain", "DACS.RedisSample.Domain\DACS.RedisSample.Domain.csproj", "{98A9D395-F716-4857-81F7-8FD74891142B}"
EndProject
Project("{FAE04EC0-301F-11D3-BF4B-00C04F79EFBC}") = "DACS.RedisSample.Interceptor", "DACS.RedisSample.Interceptor\DACS.RedisSample.Interceptor.csproj", "{C3E1FE83-7310-4EED-BF2E-E5C3EF67ACB7}"
EndProject
Project("{FAE04EC0-301F-11D3-BF4B-00C04F79EFBC}") = "DACS.RedisSample.Demo", "DACS.RedisSample.Demo\DACS.RedisSample.Demo.csproj", "{BE6F22D3-9454-439B-9418-F27523471A64}"
EndProject
Project("{2150E333-8FDC-42A3-9474-1A3956D46DE8}") = "Redis", "Redis", "{81254161-E2AF-489C-B978-652383ABDF83}"
EndProject
Project("{2150E333-8FDC-42A3-9474-1A3956D46DE8}") = "WPF", "WPF", "{E779F3B7-1D57-4E82-9569-D8F64AAF1A15}"
EndProject
Project("{2150E333-8FDC-42A3-9474-1A3956D46DE8}") = "???", "???", "{72526CA9-B7D3-4AE8-99B8-FBFBA06F85F1}"
EndProject
Project("{2150E333-8FDC-42A3-9474-1A3956D46DE8}") = "-_-", "-_-", "{48A1EF18-5D3F-42C5-A6D0-893314B5809E}"
EndProject
Project("{2150E333-8FDC-42A3-9474-1A3956D46DE8}") = "DryIoc", "DryIoc", "{B2EB6DFD-3F2F-43C7-BD5A-72E09041A850}"
EndProject
Project("{FAE04EC0-301F-11D3-BF4B-00C04F79EFBC}") = "DACS.DryIoc.Target", "DACS.DryIoc.Target\DACS.DryIoc.Target.csproj", "{1664CF04-5F1E-4875-ACFD-D4AD7563EC7F}"
EndProject
Project("{FAE04EC0-301F-11D3-BF4B-00C04F79EFBC}") = "DACS.DryIoc.Domain", "DACS.DryIoc.Domain\DACS.DryIoc.Domain.csproj", "{F7F23FB7-2662-41E1-8976-A9391BD450C9}"
EndProject
Project("{FAE04EC0-301F-11D3-BF4B-00C04F79EFBC}") = "DACS.DryIoc.Cat", "DACS.DryIoc.Cat\DACS.DryIoc.Cat.csproj", "{8422456A-ED89-46BA-810D-D882819CBBC8}"
EndProject
Project("{FAE04EC0-301F-11D3-BF4B-00C04F79EFBC}") = "DACS.DryIoc.Dog", "DACS.DryIoc.Dog\DACS.DryIoc.Dog.csproj", "{F2369B47-F153-4C7F-8432-16E6DEEC278A}"
EndProject
Project("{2150E333-8FDC-42A3-9474-1A3956D46DE8}") = "Cpu", "Cpu", "{15EF7B31-809B-40A8-A127-8049F01FA415}"
EndProject
Project("{2150E333-8FDC-42A3-9474-1A3956D46DE8}") = "OperatingSystem", "OperatingSystem", "{EA1F80C6-9370-467B-9733-64BCD9981B4D}"
EndProject
Project("{2150E333-8FDC-42A3-9474-1A3956D46DE8}") = "Compudahter", "Compudahter", "{C3E27556-CFC4-40C4-BEF2-663E7DBD98C5}"
EndProject
Project("{FAE04EC0-301F-11D3-BF4B-00C04F79EFBC}") = "DACS.DryIoc.Cpu.Intel", "DACS.DryIoc.Cpu.Intel\DACS.DryIoc.Cpu.Intel.csproj", "{78513686-0C1A-45E1-9BAE-67951D2CE88D}"
EndProject
Project("{FAE04EC0-301F-11D3-BF4B-00C04F79EFBC}") = "DACS.DryIoc.Cpu.AMD", "DACS.DryIoc.Cpu.AMD\DACS.DryIoc.Cpu.AMD.csproj", "{84C24ABB-5909-4821-AC8C-FF9FB7A619BB}"
EndProject
Project("{FAE04EC0-301F-11D3-BF4B-00C04F79EFBC}") = "DACS.DryIoc.OperatingSystem.Windows", "DACS.DryIoc.OperatingSystem.Windows\DACS.DryIoc.OperatingSystem.Windows.csproj", "{16C67672-F359-4631-A618-9094620B4B36}"
EndProject
Project("{FAE04EC0-301F-11D3-BF4B-00C04F79EFBC}") = "DACS.DryIoc.OperatingSystem.MintLinux", "DACS.DryIoc.OperatingSystem.MintLinux\DACS.DryIoc.OperatingSystem.MintLinux.csproj", "{E80CA72C-33DB-4CDA-A47B-173372AC7880}"
EndProject
Project("{FAE04EC0-301F-11D3-BF4B-00C04F79EFBC}") = "DACS.DryIoc.Compudahter.Dell", "DACS.DryIoc.Compudahter.Dell\DACS.DryIoc.Compudahter.Dell.csproj", "{612A936B-52A4-45DF-A231-99EC7B5FE481}"
EndProject
Global
	GlobalSection(SolutionConfigurationPlatforms) = preSolution
		Debug|Any CPU = Debug|Any CPU
		Release|Any CPU = Release|Any CPU
	EndGlobalSection
	GlobalSection(ProjectConfigurationPlatforms) = postSolution
		{B42C4E4D-1B2E-428F-BC51-DEF34F239F6C}.Debug|Any CPU.ActiveCfg = Debug|Any CPU
		{B42C4E4D-1B2E-428F-BC51-DEF34F239F6C}.Debug|Any CPU.Build.0 = Debug|Any CPU
		{B42C4E4D-1B2E-428F-BC51-DEF34F239F6C}.Release|Any CPU.ActiveCfg = Release|Any CPU
		{B42C4E4D-1B2E-428F-BC51-DEF34F239F6C}.Release|Any CPU.Build.0 = Release|Any CPU
		{CBFD096E-3AB0-4BC1-AD42-8FCA449E1374}.Debug|Any CPU.ActiveCfg = Debug|Any CPU
		{CBFD096E-3AB0-4BC1-AD42-8FCA449E1374}.Debug|Any CPU.Build.0 = Debug|Any CPU
		{CBFD096E-3AB0-4BC1-AD42-8FCA449E1374}.Release|Any CPU.ActiveCfg = Release|Any CPU
		{CBFD096E-3AB0-4BC1-AD42-8FCA449E1374}.Release|Any CPU.Build.0 = Release|Any CPU
		{0C8B3BEE-01DD-4A38-A673-6F3A713862AA}.Debug|Any CPU.ActiveCfg = Debug|Any CPU
		{0C8B3BEE-01DD-4A38-A673-6F3A713862AA}.Debug|Any CPU.Build.0 = Debug|Any CPU
		{0C8B3BEE-01DD-4A38-A673-6F3A713862AA}.Release|Any CPU.ActiveCfg = Release|Any CPU
		{0C8B3BEE-01DD-4A38-A673-6F3A713862AA}.Release|Any CPU.Build.0 = Release|Any CPU
		{881856A4-64CF-476A-8BFB-ECFD2AA23E16}.Debug|Any CPU.ActiveCfg = Debug|Any CPU
		{881856A4-64CF-476A-8BFB-ECFD2AA23E16}.Debug|Any CPU.Build.0 = Debug|Any CPU
		{881856A4-64CF-476A-8BFB-ECFD2AA23E16}.Release|Any CPU.ActiveCfg = Release|Any CPU
		{881856A4-64CF-476A-8BFB-ECFD2AA23E16}.Release|Any CPU.Build.0 = Release|Any CPU
		{98A9D395-F716-4857-81F7-8FD74891142B}.Debug|Any CPU.ActiveCfg = Debug|Any CPU
		{98A9D395-F716-4857-81F7-8FD74891142B}.Debug|Any CPU.Build.0 = Debug|Any CPU
		{98A9D395-F716-4857-81F7-8FD74891142B}.Release|Any CPU.ActiveCfg = Release|Any CPU
		{98A9D395-F716-4857-81F7-8FD74891142B}.Release|Any CPU.Build.0 = Release|Any CPU
		{C3E1FE83-7310-4EED-BF2E-E5C3EF67ACB7}.Debug|Any CPU.ActiveCfg = Debug|Any CPU
		{C3E1FE83-7310-4EED-BF2E-E5C3EF67ACB7}.Debug|Any CPU.Build.0 = Debug|Any CPU
		{C3E1FE83-7310-4EED-BF2E-E5C3EF67ACB7}.Release|Any CPU.ActiveCfg = Release|Any CPU
		{C3E1FE83-7310-4EED-BF2E-E5C3EF67ACB7}.Release|Any CPU.Build.0 = Release|Any CPU
		{BE6F22D3-9454-439B-9418-F27523471A64}.Debug|Any CPU.ActiveCfg = Debug|Any CPU
		{BE6F22D3-9454-439B-9418-F27523471A64}.Debug|Any CPU.Build.0 = Debug|Any CPU
		{BE6F22D3-9454-439B-9418-F27523471A64}.Release|Any CPU.ActiveCfg = Release|Any CPU
		{BE6F22D3-9454-439B-9418-F27523471A64}.Release|Any CPU.Build.0 = Release|Any CPU
		{1664CF04-5F1E-4875-ACFD-D4AD7563EC7F}.Debug|Any CPU.ActiveCfg = Debug|Any CPU
		{1664CF04-5F1E-4875-ACFD-D4AD7563EC7F}.Debug|Any CPU.Build.0 = Debug|Any CPU
		{1664CF04-5F1E-4875-ACFD-D4AD7563EC7F}.Release|Any CPU.ActiveCfg = Release|Any CPU
		{1664CF04-5F1E-4875-ACFD-D4AD7563EC7F}.Release|Any CPU.Build.0 = Release|Any CPU
		{F7F23FB7-2662-41E1-8976-A9391BD450C9}.Debug|Any CPU.ActiveCfg = Debug|Any CPU
		{F7F23FB7-2662-41E1-8976-A9391BD450C9}.Debug|Any CPU.Build.0 = Debug|Any CPU
		{F7F23FB7-2662-41E1-8976-A9391BD450C9}.Release|Any CPU.ActiveCfg = Release|Any CPU
		{F7F23FB7-2662-41E1-8976-A9391BD450C9}.Release|Any CPU.Build.0 = Release|Any CPU
		{8422456A-ED89-46BA-810D-D882819CBBC8}.Debug|Any CPU.ActiveCfg = Debug|Any CPU
		{8422456A-ED89-46BA-810D-D882819CBBC8}.Debug|Any CPU.Build.0 = Debug|Any CPU
		{8422456A-ED89-46BA-810D-D882819CBBC8}.Release|Any CPU.ActiveCfg = Release|Any CPU
		{8422456A-ED89-46BA-810D-D882819CBBC8}.Release|Any CPU.Build.0 = Release|Any CPU
		{F2369B47-F153-4C7F-8432-16E6DEEC278A}.Debug|Any CPU.ActiveCfg = Debug|Any CPU
		{F2369B47-F153-4C7F-8432-16E6DEEC278A}.Debug|Any CPU.Build.0 = Debug|Any CPU
		{F2369B47-F153-4C7F-8432-16E6DEEC278A}.Release|Any CPU.ActiveCfg = Release|Any CPU
		{F2369B47-F153-4C7F-8432-16E6DEEC278A}.Release|Any CPU.Build.0 = Release|Any CPU
		{78513686-0C1A-45E1-9BAE-67951D2CE88D}.Debug|Any CPU.ActiveCfg = Debug|Any CPU
		{78513686-0C1A-45E1-9BAE-67951D2CE88D}.Debug|Any CPU.Build.0 = Debug|Any CPU
		{78513686-0C1A-45E1-9BAE-67951D2CE88D}.Release|Any CPU.ActiveCfg = Release|Any CPU
		{78513686-0C1A-45E1-9BAE-67951D2CE88D}.Release|Any CPU.Build.0 = Release|Any CPU
		{84C24ABB-5909-4821-AC8C-FF9FB7A619BB}.Debug|Any CPU.ActiveCfg = Debug|Any CPU
		{84C24ABB-5909-4821-AC8C-FF9FB7A619BB}.Debug|Any CPU.Build.0 = Debug|Any CPU
		{84C24ABB-5909-4821-AC8C-FF9FB7A619BB}.Release|Any CPU.ActiveCfg = Release|Any CPU
		{84C24ABB-5909-4821-AC8C-FF9FB7A619BB}.Release|Any CPU.Build.0 = Release|Any CPU
		{16C67672-F359-4631-A618-9094620B4B36}.Debug|Any CPU.ActiveCfg = Debug|Any CPU
		{16C67672-F359-4631-A618-9094620B4B36}.Debug|Any CPU.Build.0 = Debug|Any CPU
		{16C67672-F359-4631-A618-9094620B4B36}.Release|Any CPU.ActiveCfg = Release|Any CPU
		{16C67672-F359-4631-A618-9094620B4B36}.Release|Any CPU.Build.0 = Release|Any CPU
		{E80CA72C-33DB-4CDA-A47B-173372AC7880}.Debug|Any CPU.ActiveCfg = Debug|Any CPU
		{E80CA72C-33DB-4CDA-A47B-173372AC7880}.Debug|Any CPU.Build.0 = Debug|Any CPU
		{E80CA72C-33DB-4CDA-A47B-173372AC7880}.Release|Any CPU.ActiveCfg = Release|Any CPU
		{E80CA72C-33DB-4CDA-A47B-173372AC7880}.Release|Any CPU.Build.0 = Release|Any CPU
		{612A936B-52A4-45DF-A231-99EC7B5FE481}.Debug|Any CPU.ActiveCfg = Debug|Any CPU
		{612A936B-52A4-45DF-A231-99EC7B5FE481}.Debug|Any CPU.Build.0 = Debug|Any CPU
		{612A936B-52A4-45DF-A231-99EC7B5FE481}.Release|Any CPU.ActiveCfg = Release|Any CPU
		{612A936B-52A4-45DF-A231-99EC7B5FE481}.Release|Any CPU.Build.0 = Release|Any CPU
	EndGlobalSection
	GlobalSection(NestedProjects) = preSolution
		{BE6F22D3-9454-439B-9418-F27523471A64} = {81254161-E2AF-489C-B978-652383ABDF83}
		{98A9D395-F716-4857-81F7-8FD74891142B} = {81254161-E2AF-489C-B978-652383ABDF83}
		{C3E1FE83-7310-4EED-BF2E-E5C3EF67ACB7} = {81254161-E2AF-489C-B978-652383ABDF83}
		{881856A4-64CF-476A-8BFB-ECFD2AA23E16} = {E779F3B7-1D57-4E82-9569-D8F64AAF1A15}
		{0C8B3BEE-01DD-4A38-A673-6F3A713862AA} = {E779F3B7-1D57-4E82-9569-D8F64AAF1A15}
		{CBFD096E-3AB0-4BC1-AD42-8FCA449E1374} = {E779F3B7-1D57-4E82-9569-D8F64AAF1A15}
		{B42C4E4D-1B2E-428F-BC51-DEF34F239F6C} = {48A1EF18-5D3F-42C5-A6D0-893314B5809E}
		{1664CF04-5F1E-4875-ACFD-D4AD7563EC7F} = {B2EB6DFD-3F2F-43C7-BD5A-72E09041A850}
		{F7F23FB7-2662-41E1-8976-A9391BD450C9} = {B2EB6DFD-3F2F-43C7-BD5A-72E09041A850}
		{8422456A-ED89-46BA-810D-D882819CBBC8} = {B2EB6DFD-3F2F-43C7-BD5A-72E09041A850}
		{F2369B47-F153-4C7F-8432-16E6DEEC278A} = {B2EB6DFD-3F2F-43C7-BD5A-72E09041A850}
		{15EF7B31-809B-40A8-A127-8049F01FA415} = {B2EB6DFD-3F2F-43C7-BD5A-72E09041A850}
		{EA1F80C6-9370-467B-9733-64BCD9981B4D} = {B2EB6DFD-3F2F-43C7-BD5A-72E09041A850}
		{C3E27556-CFC4-40C4-BEF2-663E7DBD98C5} = {B2EB6DFD-3F2F-43C7-BD5A-72E09041A850}
		{78513686-0C1A-45E1-9BAE-67951D2CE88D} = {15EF7B31-809B-40A8-A127-8049F01FA415}
		{84C24ABB-5909-4821-AC8C-FF9FB7A619BB} = {15EF7B31-809B-40A8-A127-8049F01FA415}
		{16C67672-F359-4631-A618-9094620B4B36} = {EA1F80C6-9370-467B-9733-64BCD9981B4D}
		{E80CA72C-33DB-4CDA-A47B-173372AC7880} = {EA1F80C6-9370-467B-9733-64BCD9981B4D}
		{612A936B-52A4-45DF-A231-99EC7B5FE481} = {C3E27556-CFC4-40C4-BEF2-663E7DBD98C5}
	EndGlobalSection
EndGlobal
