
Microsoft Visual Studio Solution File, Format Version 12.00
Project("{2150E333-8FDC-42A3-9474-1A3956D46DE8}") = "DryIoc", "DryIoc", "{B2EB6DFD-3F2F-43C7-BD5A-72E09041A850}"
EndProject
Project("{2150E333-8FDC-42A3-9474-1A3956D46DE8}") = "Animals", "Animals", "{196EFBFF-96B1-4294-872B-83E2B786F4D9}"
EndProject
Project("{FAE04EC0-301F-11D3-BF4B-00C04F79EFBC}") = "DACS.DryIoc.Cat", "DryIoc\Animals\DACS.DryIoc.Cat\DACS.DryIoc.Cat.csproj", "{8422456A-ED89-46BA-810D-D882819CBBC8}"
EndProject
Project("{FAE04EC0-301F-11D3-BF4B-00C04F79EFBC}") = "DACS.DryIoc.Dog", "DryIoc\Animals\DACS.DryIoc.Dog\DACS.DryIoc.Dog.csproj", "{F2369B47-F153-4C7F-8432-16E6DEEC278A}"
EndProject
Project("{FAE04EC0-301F-11D3-BF4B-00C04F79EFBC}") = "DACS.DryIoc.Zoo", "DryIoc\Animals\DACS.DryIoc.Zoo\DACS.DryIoc.Zoo.csproj", "{8AFF105E-0051-4E88-86A4-F94DB32060CD}"
EndProject
Project("{2150E333-8FDC-42A3-9474-1A3956D46DE8}") = "Compudahter", "Compudahter", "{C3E27556-CFC4-40C4-BEF2-663E7DBD98C5}"
EndProject
Project("{FAE04EC0-301F-11D3-BF4B-00C04F79EFBC}") = "DACS.DryIoc.Compudahter.Dell", "DryIoc\Compudahter\DACS.DryIoc.Compudahter.Dell\DACS.DryIoc.Compudahter.Dell.csproj", "{612A936B-52A4-45DF-A231-99EC7B5FE481}"
EndProject
Project("{2150E333-8FDC-42A3-9474-1A3956D46DE8}") = "Cpu", "Cpu", "{15EF7B31-809B-40A8-A127-8049F01FA415}"
EndProject
Project("{FAE04EC0-301F-11D3-BF4B-00C04F79EFBC}") = "DACS.DryIoc.Cpu.AMD", "DryIoc\Cpu\DACS.DryIoc.Cpu.AMD\DACS.DryIoc.Cpu.AMD.csproj", "{84C24ABB-5909-4821-AC8C-FF9FB7A619BB}"
EndProject
Project("{FAE04EC0-301F-11D3-BF4B-00C04F79EFBC}") = "DACS.DryIoc.Cpu.Intel", "DryIoc\Cpu\DACS.DryIoc.Cpu.Intel\DACS.DryIoc.Cpu.Intel.csproj", "{78513686-0C1A-45E1-9BAE-67951D2CE88D}"
EndProject
Project("{2150E333-8FDC-42A3-9474-1A3956D46DE8}") = "OperatingSystem", "OperatingSystem", "{EA1F80C6-9370-467B-9733-64BCD9981B4D}"
EndProject
Project("{FAE04EC0-301F-11D3-BF4B-00C04F79EFBC}") = "DACS.DryIoc.OperatingSystem.MintLinux", "DryIoc\OperatingSystem\DACS.DryIoc.OperatingSystem.MintLinux\DACS.DryIoc.OperatingSystem.MintLinux.csproj", "{E80CA72C-33DB-4CDA-A47B-173372AC7880}"
EndProject
Project("{FAE04EC0-301F-11D3-BF4B-00C04F79EFBC}") = "DACS.DryIoc.OperatingSystem.Windows", "DryIoc\OperatingSystem\DACS.DryIoc.OperatingSystem.Windows\DACS.DryIoc.OperatingSystem.Windows.csproj", "{16C67672-F359-4631-A618-9094620B4B36}"
EndProject
Project("{FAE04EC0-301F-11D3-BF4B-00C04F79EFBC}") = "DACS.DryIoc.Domain", "DryIoc\DACS.DryIoc.Domain\DACS.DryIoc.Domain.csproj", "{F7F23FB7-2662-41E1-8976-A9391BD450C9}"
EndProject
Project("{FAE04EC0-301F-11D3-BF4B-00C04F79EFBC}") = "DACS.DryIoc.Target", "DryIoc\DACS.DryIoc.Target\DACS.DryIoc.Target.csproj", "{1664CF04-5F1E-4875-ACFD-D4AD7563EC7F}"
EndProject
Project("{2150E333-8FDC-42A3-9474-1A3956D46DE8}") = "Grpc", "Grpc", "{1BB9F825-2767-43E4-B903-C2E712E16F5B}"
EndProject
Project("{FAE04EC0-301F-11D3-BF4B-00C04F79EFBC}") = "DACS.Grpc.Client", "Grpc\DACS.Grpc.Client\DACS.Grpc.Client.csproj", "{247A4C32-452B-4874-ACE7-7B36D7B27454}"
EndProject
Project("{FAE04EC0-301F-11D3-BF4B-00C04F79EFBC}") = "DACS.Grpc.Domain", "Grpc\DACS.Grpc.Domain\DACS.Grpc.Domain.csproj", "{3B1D2DCE-1E78-41FD-A886-CA5BC12FE8B6}"
EndProject
Project("{FAE04EC0-301F-11D3-BF4B-00C04F79EFBC}") = "DACS.Grpc.Server", "Grpc\DACS.Grpc.Server\DACS.Grpc.Server.csproj", "{6B80CEB4-7E58-419F-BEEB-F2A920F23F88}"
EndProject
Project("{FAE04EC0-301F-11D3-BF4B-00C04F79EFBC}") = "DACS.Grpc.SquareEquationSolver.Discriminant", "Grpc\DACS.Grpc.SquareEquationSolver.Discriminant\DACS.Grpc.SquareEquationSolver.Discriminant.csproj", "{47940BDB-FFA6-4DB5-8687-D8D54E9491E4}"
EndProject
Project("{FAE04EC0-301F-11D3-BF4B-00C04F79EFBC}") = "DACS.Grpc.SquareEquationSolver.Viet", "Grpc\DACS.Grpc.SquareEquationSolver.Viet\DACS.Grpc.SquareEquationSolver.Viet.csproj", "{2D8919DD-B474-4C42-B1FD-9A6B58E4B2CD}"
EndProject
Project("{2150E333-8FDC-42A3-9474-1A3956D46DE8}") = "RabbitMQ", "RabbitMQ", "{72D499B9-A4EA-459A-B430-8ACC6A4F78CC}"
EndProject
Project("{FAE04EC0-301F-11D3-BF4B-00C04F79EFBC}") = "DACS.RabbitMQ.Receiver", "RabbitMQ\DACS.RabbitMQ.Receiver\DACS.RabbitMQ.Receiver.csproj", "{BA3757C4-DC3B-4773-8FFE-74B4AAF94C88}"
EndProject
Project("{FAE04EC0-301F-11D3-BF4B-00C04F79EFBC}") = "DACS.RabbitMQ.Sender", "RabbitMQ\DACS.RabbitMQ.Sender\DACS.RabbitMQ.Sender.csproj", "{CEF699DD-A03A-4860-A5E4-B103596CFC82}"
EndProject
Project("{2150E333-8FDC-42A3-9474-1A3956D46DE8}") = "Redis", "Redis", "{81254161-E2AF-489C-B978-652383ABDF83}"
EndProject
Project("{FAE04EC0-301F-11D3-BF4B-00C04F79EFBC}") = "DACS.Redis.Demo", "Redis\DACS.Redis.Demo\DACS.Redis.Demo.csproj", "{BE6F22D3-9454-439B-9418-F27523471A64}"
EndProject
Project("{FAE04EC0-301F-11D3-BF4B-00C04F79EFBC}") = "DACS.Redis.Domain", "Redis\DACS.Redis.Domain\DACS.Redis.Domain.csproj", "{98A9D395-F716-4857-81F7-8FD74891142B}"
EndProject
Project("{FAE04EC0-301F-11D3-BF4B-00C04F79EFBC}") = "DACS.Redis.Interceptor", "Redis\DACS.Redis.Interceptor\DACS.Redis.Interceptor.csproj", "{C3E1FE83-7310-4EED-BF2E-E5C3EF67ACB7}"
EndProject
Project("{2150E333-8FDC-42A3-9474-1A3956D46DE8}") = "WPF", "WPF", "{E779F3B7-1D57-4E82-9569-D8F64AAF1A15}"
EndProject
Project("{FAE04EC0-301F-11D3-BF4B-00C04F79EFBC}") = "DACS.WPF.DependencyProperties", "WPF\DACS.WPF.DependencyProperties\DACS.WPF.DependencyProperties.csproj", "{881856A4-64CF-476A-8BFB-ECFD2AA23E16}"
EndProject
Project("{FAE04EC0-301F-11D3-BF4B-00C04F79EFBC}") = "DACS.WPF.HelloWorld", "WPF\DACS.WPF.HelloWorld\DACS.WPF.HelloWorld.csproj", "{B42C4E4D-1B2E-428F-BC51-DEF34F239F6C}"
EndProject
Project("{FAE04EC0-301F-11D3-BF4B-00C04F79EFBC}") = "DACS.WPF.MVVM", "WPF\DACS.WPF.MVVM\DACS.WPF.MVVM.csproj", "{CBFD096E-3AB0-4BC1-AD42-8FCA449E1374}"
EndProject
Project("{FAE04EC0-301F-11D3-BF4B-00C04F79EFBC}") = "DACS.WPF.ThreadLock", "WPF\DACS.WPF.ThreadLock\DACS.WPF.ThreadLock.csproj", "{30C63E68-C291-4038-B5A5-E5D8DD5655DB}"
EndProject
Project("{2150E333-8FDC-42A3-9474-1A3956D46DE8}") = "Tasks", "Tasks", "{6C029AE8-D65B-42C6-ADB9-BA2D5C6FDEF6}"
	ProjectSection(SolutionItems) = preProject
		Tasks\part 1.pdf = Tasks\part 1.pdf
		Tasks\part 2.pdf = Tasks\part 2.pdf
		Tasks\part 3.pdf = Tasks\part 3.pdf
		Tasks\part 4.pdf = Tasks\part 4.pdf
	EndProjectSection
EndProject
Global
	GlobalSection(SolutionConfigurationPlatforms) = preSolution
		Debug|Any CPU = Debug|Any CPU
		Release|Any CPU = Release|Any CPU
	EndGlobalSection
	GlobalSection(ProjectConfigurationPlatforms) = postSolution
		{B42C4E4D-1B2E-428F-BC51-DEF34F239F6C}.Debug|Any CPU.ActiveCfg = Debug|Any CPU
		{B42C4E4D-1B2E-428F-BC51-DEF34F239F6C}.Debug|Any CPU.Build.0 = Debug|Any CPU
		{B42C4E4D-1B2E-428F-BC51-DEF34F239F6C}.Release|Any CPU.ActiveCfg = Release|Any CPU
		{B42C4E4D-1B2E-428F-BC51-DEF34F239F6C}.Release|Any CPU.Build.0 = Release|Any CPU
		{CBFD096E-3AB0-4BC1-AD42-8FCA449E1374}.Debug|Any CPU.ActiveCfg = Debug|Any CPU
		{CBFD096E-3AB0-4BC1-AD42-8FCA449E1374}.Debug|Any CPU.Build.0 = Debug|Any CPU
		{CBFD096E-3AB0-4BC1-AD42-8FCA449E1374}.Release|Any CPU.ActiveCfg = Release|Any CPU
		{CBFD096E-3AB0-4BC1-AD42-8FCA449E1374}.Release|Any CPU.Build.0 = Release|Any CPU
		{881856A4-64CF-476A-8BFB-ECFD2AA23E16}.Debug|Any CPU.ActiveCfg = Debug|Any CPU
		{881856A4-64CF-476A-8BFB-ECFD2AA23E16}.Debug|Any CPU.Build.0 = Debug|Any CPU
		{881856A4-64CF-476A-8BFB-ECFD2AA23E16}.Release|Any CPU.ActiveCfg = Release|Any CPU
		{881856A4-64CF-476A-8BFB-ECFD2AA23E16}.Release|Any CPU.Build.0 = Release|Any CPU
		{98A9D395-F716-4857-81F7-8FD74891142B}.Debug|Any CPU.ActiveCfg = Debug|Any CPU
		{98A9D395-F716-4857-81F7-8FD74891142B}.Debug|Any CPU.Build.0 = Debug|Any CPU
		{98A9D395-F716-4857-81F7-8FD74891142B}.Release|Any CPU.ActiveCfg = Release|Any CPU
		{98A9D395-F716-4857-81F7-8FD74891142B}.Release|Any CPU.Build.0 = Release|Any CPU
		{C3E1FE83-7310-4EED-BF2E-E5C3EF67ACB7}.Debug|Any CPU.ActiveCfg = Debug|Any CPU
		{C3E1FE83-7310-4EED-BF2E-E5C3EF67ACB7}.Debug|Any CPU.Build.0 = Debug|Any CPU
		{C3E1FE83-7310-4EED-BF2E-E5C3EF67ACB7}.Release|Any CPU.ActiveCfg = Release|Any CPU
		{C3E1FE83-7310-4EED-BF2E-E5C3EF67ACB7}.Release|Any CPU.Build.0 = Release|Any CPU
		{BE6F22D3-9454-439B-9418-F27523471A64}.Debug|Any CPU.ActiveCfg = Debug|Any CPU
		{BE6F22D3-9454-439B-9418-F27523471A64}.Debug|Any CPU.Build.0 = Debug|Any CPU
		{BE6F22D3-9454-439B-9418-F27523471A64}.Release|Any CPU.ActiveCfg = Release|Any CPU
		{BE6F22D3-9454-439B-9418-F27523471A64}.Release|Any CPU.Build.0 = Release|Any CPU
		{1664CF04-5F1E-4875-ACFD-D4AD7563EC7F}.Debug|Any CPU.ActiveCfg = Debug|Any CPU
		{1664CF04-5F1E-4875-ACFD-D4AD7563EC7F}.Debug|Any CPU.Build.0 = Debug|Any CPU
		{1664CF04-5F1E-4875-ACFD-D4AD7563EC7F}.Release|Any CPU.ActiveCfg = Release|Any CPU
		{1664CF04-5F1E-4875-ACFD-D4AD7563EC7F}.Release|Any CPU.Build.0 = Release|Any CPU
		{F7F23FB7-2662-41E1-8976-A9391BD450C9}.Debug|Any CPU.ActiveCfg = Debug|Any CPU
		{F7F23FB7-2662-41E1-8976-A9391BD450C9}.Debug|Any CPU.Build.0 = Debug|Any CPU
		{F7F23FB7-2662-41E1-8976-A9391BD450C9}.Release|Any CPU.ActiveCfg = Release|Any CPU
		{F7F23FB7-2662-41E1-8976-A9391BD450C9}.Release|Any CPU.Build.0 = Release|Any CPU
		{8422456A-ED89-46BA-810D-D882819CBBC8}.Debug|Any CPU.ActiveCfg = Debug|Any CPU
		{8422456A-ED89-46BA-810D-D882819CBBC8}.Debug|Any CPU.Build.0 = Debug|Any CPU
		{8422456A-ED89-46BA-810D-D882819CBBC8}.Release|Any CPU.ActiveCfg = Release|Any CPU
		{8422456A-ED89-46BA-810D-D882819CBBC8}.Release|Any CPU.Build.0 = Release|Any CPU
		{F2369B47-F153-4C7F-8432-16E6DEEC278A}.Debug|Any CPU.ActiveCfg = Debug|Any CPU
		{F2369B47-F153-4C7F-8432-16E6DEEC278A}.Debug|Any CPU.Build.0 = Debug|Any CPU
		{F2369B47-F153-4C7F-8432-16E6DEEC278A}.Release|Any CPU.ActiveCfg = Release|Any CPU
		{F2369B47-F153-4C7F-8432-16E6DEEC278A}.Release|Any CPU.Build.0 = Release|Any CPU
		{78513686-0C1A-45E1-9BAE-67951D2CE88D}.Debug|Any CPU.ActiveCfg = Debug|Any CPU
		{78513686-0C1A-45E1-9BAE-67951D2CE88D}.Debug|Any CPU.Build.0 = Debug|Any CPU
		{78513686-0C1A-45E1-9BAE-67951D2CE88D}.Release|Any CPU.ActiveCfg = Release|Any CPU
		{78513686-0C1A-45E1-9BAE-67951D2CE88D}.Release|Any CPU.Build.0 = Release|Any CPU
		{84C24ABB-5909-4821-AC8C-FF9FB7A619BB}.Debug|Any CPU.ActiveCfg = Debug|Any CPU
		{84C24ABB-5909-4821-AC8C-FF9FB7A619BB}.Debug|Any CPU.Build.0 = Debug|Any CPU
		{84C24ABB-5909-4821-AC8C-FF9FB7A619BB}.Release|Any CPU.ActiveCfg = Release|Any CPU
		{84C24ABB-5909-4821-AC8C-FF9FB7A619BB}.Release|Any CPU.Build.0 = Release|Any CPU
		{16C67672-F359-4631-A618-9094620B4B36}.Debug|Any CPU.ActiveCfg = Debug|Any CPU
		{16C67672-F359-4631-A618-9094620B4B36}.Debug|Any CPU.Build.0 = Debug|Any CPU
		{16C67672-F359-4631-A618-9094620B4B36}.Release|Any CPU.ActiveCfg = Release|Any CPU
		{16C67672-F359-4631-A618-9094620B4B36}.Release|Any CPU.Build.0 = Release|Any CPU
		{E80CA72C-33DB-4CDA-A47B-173372AC7880}.Debug|Any CPU.ActiveCfg = Debug|Any CPU
		{E80CA72C-33DB-4CDA-A47B-173372AC7880}.Debug|Any CPU.Build.0 = Debug|Any CPU
		{E80CA72C-33DB-4CDA-A47B-173372AC7880}.Release|Any CPU.ActiveCfg = Release|Any CPU
		{E80CA72C-33DB-4CDA-A47B-173372AC7880}.Release|Any CPU.Build.0 = Release|Any CPU
		{612A936B-52A4-45DF-A231-99EC7B5FE481}.Debug|Any CPU.ActiveCfg = Debug|Any CPU
		{612A936B-52A4-45DF-A231-99EC7B5FE481}.Debug|Any CPU.Build.0 = Debug|Any CPU
		{612A936B-52A4-45DF-A231-99EC7B5FE481}.Release|Any CPU.ActiveCfg = Release|Any CPU
		{612A936B-52A4-45DF-A231-99EC7B5FE481}.Release|Any CPU.Build.0 = Release|Any CPU
		{30C63E68-C291-4038-B5A5-E5D8DD5655DB}.Debug|Any CPU.ActiveCfg = Debug|Any CPU
		{30C63E68-C291-4038-B5A5-E5D8DD5655DB}.Debug|Any CPU.Build.0 = Debug|Any CPU
		{30C63E68-C291-4038-B5A5-E5D8DD5655DB}.Release|Any CPU.ActiveCfg = Release|Any CPU
		{30C63E68-C291-4038-B5A5-E5D8DD5655DB}.Release|Any CPU.Build.0 = Release|Any CPU
		{BA3757C4-DC3B-4773-8FFE-74B4AAF94C88}.Debug|Any CPU.ActiveCfg = Debug|Any CPU
		{BA3757C4-DC3B-4773-8FFE-74B4AAF94C88}.Debug|Any CPU.Build.0 = Debug|Any CPU
		{BA3757C4-DC3B-4773-8FFE-74B4AAF94C88}.Release|Any CPU.ActiveCfg = Release|Any CPU
		{BA3757C4-DC3B-4773-8FFE-74B4AAF94C88}.Release|Any CPU.Build.0 = Release|Any CPU
		{CEF699DD-A03A-4860-A5E4-B103596CFC82}.Debug|Any CPU.ActiveCfg = Debug|Any CPU
		{CEF699DD-A03A-4860-A5E4-B103596CFC82}.Debug|Any CPU.Build.0 = Debug|Any CPU
		{CEF699DD-A03A-4860-A5E4-B103596CFC82}.Release|Any CPU.ActiveCfg = Release|Any CPU
		{CEF699DD-A03A-4860-A5E4-B103596CFC82}.Release|Any CPU.Build.0 = Release|Any CPU
		{8AFF105E-0051-4E88-86A4-F94DB32060CD}.Debug|Any CPU.ActiveCfg = Debug|Any CPU
		{8AFF105E-0051-4E88-86A4-F94DB32060CD}.Debug|Any CPU.Build.0 = Debug|Any CPU
		{8AFF105E-0051-4E88-86A4-F94DB32060CD}.Release|Any CPU.ActiveCfg = Release|Any CPU
		{8AFF105E-0051-4E88-86A4-F94DB32060CD}.Release|Any CPU.Build.0 = Release|Any CPU
		{6B80CEB4-7E58-419F-BEEB-F2A920F23F88}.Debug|Any CPU.ActiveCfg = Debug|Any CPU
		{6B80CEB4-7E58-419F-BEEB-F2A920F23F88}.Debug|Any CPU.Build.0 = Debug|Any CPU
		{6B80CEB4-7E58-419F-BEEB-F2A920F23F88}.Release|Any CPU.ActiveCfg = Release|Any CPU
		{6B80CEB4-7E58-419F-BEEB-F2A920F23F88}.Release|Any CPU.Build.0 = Release|Any CPU
		{247A4C32-452B-4874-ACE7-7B36D7B27454}.Debug|Any CPU.ActiveCfg = Debug|Any CPU
		{247A4C32-452B-4874-ACE7-7B36D7B27454}.Debug|Any CPU.Build.0 = Debug|Any CPU
		{247A4C32-452B-4874-ACE7-7B36D7B27454}.Release|Any CPU.ActiveCfg = Release|Any CPU
		{247A4C32-452B-4874-ACE7-7B36D7B27454}.Release|Any CPU.Build.0 = Release|Any CPU
		{3B1D2DCE-1E78-41FD-A886-CA5BC12FE8B6}.Debug|Any CPU.ActiveCfg = Debug|Any CPU
		{3B1D2DCE-1E78-41FD-A886-CA5BC12FE8B6}.Debug|Any CPU.Build.0 = Debug|Any CPU
		{3B1D2DCE-1E78-41FD-A886-CA5BC12FE8B6}.Release|Any CPU.ActiveCfg = Release|Any CPU
		{3B1D2DCE-1E78-41FD-A886-CA5BC12FE8B6}.Release|Any CPU.Build.0 = Release|Any CPU
		{47940BDB-FFA6-4DB5-8687-D8D54E9491E4}.Debug|Any CPU.ActiveCfg = Debug|Any CPU
		{47940BDB-FFA6-4DB5-8687-D8D54E9491E4}.Debug|Any CPU.Build.0 = Debug|Any CPU
		{47940BDB-FFA6-4DB5-8687-D8D54E9491E4}.Release|Any CPU.ActiveCfg = Release|Any CPU
		{47940BDB-FFA6-4DB5-8687-D8D54E9491E4}.Release|Any CPU.Build.0 = Release|Any CPU
		{2D8919DD-B474-4C42-B1FD-9A6B58E4B2CD}.Debug|Any CPU.ActiveCfg = Debug|Any CPU
		{2D8919DD-B474-4C42-B1FD-9A6B58E4B2CD}.Debug|Any CPU.Build.0 = Debug|Any CPU
		{2D8919DD-B474-4C42-B1FD-9A6B58E4B2CD}.Release|Any CPU.ActiveCfg = Release|Any CPU
		{2D8919DD-B474-4C42-B1FD-9A6B58E4B2CD}.Release|Any CPU.Build.0 = Release|Any CPU
	EndGlobalSection
	GlobalSection(NestedProjects) = preSolution
		{BE6F22D3-9454-439B-9418-F27523471A64} = {81254161-E2AF-489C-B978-652383ABDF83}
		{98A9D395-F716-4857-81F7-8FD74891142B} = {81254161-E2AF-489C-B978-652383ABDF83}
		{C3E1FE83-7310-4EED-BF2E-E5C3EF67ACB7} = {81254161-E2AF-489C-B978-652383ABDF83}
		{881856A4-64CF-476A-8BFB-ECFD2AA23E16} = {E779F3B7-1D57-4E82-9569-D8F64AAF1A15}
		{CBFD096E-3AB0-4BC1-AD42-8FCA449E1374} = {E779F3B7-1D57-4E82-9569-D8F64AAF1A15}
		{1664CF04-5F1E-4875-ACFD-D4AD7563EC7F} = {B2EB6DFD-3F2F-43C7-BD5A-72E09041A850}
		{F7F23FB7-2662-41E1-8976-A9391BD450C9} = {B2EB6DFD-3F2F-43C7-BD5A-72E09041A850}
		{15EF7B31-809B-40A8-A127-8049F01FA415} = {B2EB6DFD-3F2F-43C7-BD5A-72E09041A850}
		{EA1F80C6-9370-467B-9733-64BCD9981B4D} = {B2EB6DFD-3F2F-43C7-BD5A-72E09041A850}
		{C3E27556-CFC4-40C4-BEF2-663E7DBD98C5} = {B2EB6DFD-3F2F-43C7-BD5A-72E09041A850}
		{78513686-0C1A-45E1-9BAE-67951D2CE88D} = {15EF7B31-809B-40A8-A127-8049F01FA415}
		{84C24ABB-5909-4821-AC8C-FF9FB7A619BB} = {15EF7B31-809B-40A8-A127-8049F01FA415}
		{16C67672-F359-4631-A618-9094620B4B36} = {EA1F80C6-9370-467B-9733-64BCD9981B4D}
		{E80CA72C-33DB-4CDA-A47B-173372AC7880} = {EA1F80C6-9370-467B-9733-64BCD9981B4D}
		{612A936B-52A4-45DF-A231-99EC7B5FE481} = {C3E27556-CFC4-40C4-BEF2-663E7DBD98C5}
		{F878E24C-C7E1-4460-B421-9650C8AEB1B2} = {E779F3B7-1D57-4E82-9569-D8F64AAF1A15}
		{30C63E68-C291-4038-B5A5-E5D8DD5655DB} = {E779F3B7-1D57-4E82-9569-D8F64AAF1A15}
		{B42C4E4D-1B2E-428F-BC51-DEF34F239F6C} = {E779F3B7-1D57-4E82-9569-D8F64AAF1A15}
		{196EFBFF-96B1-4294-872B-83E2B786F4D9} = {B2EB6DFD-3F2F-43C7-BD5A-72E09041A850}
		{8422456A-ED89-46BA-810D-D882819CBBC8} = {196EFBFF-96B1-4294-872B-83E2B786F4D9}
		{F2369B47-F153-4C7F-8432-16E6DEEC278A} = {196EFBFF-96B1-4294-872B-83E2B786F4D9}
		{BA3757C4-DC3B-4773-8FFE-74B4AAF94C88} = {72D499B9-A4EA-459A-B430-8ACC6A4F78CC}
		{CEF699DD-A03A-4860-A5E4-B103596CFC82} = {72D499B9-A4EA-459A-B430-8ACC6A4F78CC}
		{8AFF105E-0051-4E88-86A4-F94DB32060CD} = {196EFBFF-96B1-4294-872B-83E2B786F4D9}
		{6B80CEB4-7E58-419F-BEEB-F2A920F23F88} = {1BB9F825-2767-43E4-B903-C2E712E16F5B}
		{247A4C32-452B-4874-ACE7-7B36D7B27454} = {1BB9F825-2767-43E4-B903-C2E712E16F5B}
		{3B1D2DCE-1E78-41FD-A886-CA5BC12FE8B6} = {1BB9F825-2767-43E4-B903-C2E712E16F5B}
		{47940BDB-FFA6-4DB5-8687-D8D54E9491E4} = {1BB9F825-2767-43E4-B903-C2E712E16F5B}
		{2D8919DD-B474-4C42-B1FD-9A6B58E4B2CD} = {1BB9F825-2767-43E4-B903-C2E712E16F5B}
	EndGlobalSection
EndGlobal
