
Microsoft Visual Studio Solution File, Format Version 12.00
# Visual Studio Version 17
VisualStudioVersion = 17.14.36414.22
MinimumVisualStudioVersion = 10.0.40219.1
Project("{FAE04EC0-301F-11D3-BF4B-00C04F79EFBC}") = "DbInteractionDemo.Client.Launcher.App", "DbInteractionDemo.Client.Launcher.App\DbInteractionDemo.Client.Launcher.App.csproj", "{1859C5A3-2424-4CC3-9267-A21112A09786}"
EndProject
Project("{FAE04EC0-301F-11D3-BF4B-00C04F79EFBC}") = "DBInteractionDemo.Database.Infrastructure", "DBInteractionDemo.Database.Infrastructure\DBInteractionDemo.Database.Infrastructure.csproj", "{9C7A235C-86AA-496D-BF1C-74975E8D11B1}"
EndProject
Project("{FAE04EC0-301F-11D3-BF4B-00C04F79EFBC}") = "DbInteractionDemo.Database.Data", "DbInteractionDemo.Database.Data\DbInteractionDemo.Database.Data.csproj", "{99C78EA3-D816-4C74-8EC1-1F4AD65E06FC}"
EndProject
Project("{FAE04EC0-301F-11D3-BF4B-00C04F79EFBC}") = "DbInteractionDemo.Database.Repository", "DbInteractionDemo.Database.Repository\DbInteractionDemo.Database.Repository.csproj", "{5849DABE-CDDB-4135-A18E-7459DEA1A3B6}"
EndProject
Project("{FAE04EC0-301F-11D3-BF4B-00C04F79EFBC}") = "DbInteractionDemo.Core", "DbInteractionDemo.Core\DbInteractionDemo.Core.csproj", "{263E7E99-FF37-4EB2-9C43-95A517672A77}"
EndProject
Global
	GlobalSection(SolutionConfigurationPlatforms) = preSolution
		Debug|Any CPU = Debug|Any CPU
		Release|Any CPU = Release|Any CPU
	EndGlobalSection
	GlobalSection(ProjectConfigurationPlatforms) = postSolution
		{1859C5A3-2424-4CC3-9267-A21112A09786}.Debug|Any CPU.ActiveCfg = Debug|Any CPU
		{1859C5A3-2424-4CC3-9267-A21112A09786}.Debug|Any CPU.Build.0 = Debug|Any CPU
		{1859C5A3-2424-4CC3-9267-A21112A09786}.Release|Any CPU.ActiveCfg = Release|Any CPU
		{1859C5A3-2424-4CC3-9267-A21112A09786}.Release|Any CPU.Build.0 = Release|Any CPU
		{9C7A235C-86AA-496D-BF1C-74975E8D11B1}.Debug|Any CPU.ActiveCfg = Debug|Any CPU
		{9C7A235C-86AA-496D-BF1C-74975E8D11B1}.Debug|Any CPU.Build.0 = Debug|Any CPU
		{9C7A235C-86AA-496D-BF1C-74975E8D11B1}.Release|Any CPU.ActiveCfg = Release|Any CPU
		{9C7A235C-86AA-496D-BF1C-74975E8D11B1}.Release|Any CPU.Build.0 = Release|Any CPU
		{99C78EA3-D816-4C74-8EC1-1F4AD65E06FC}.Debug|Any CPU.ActiveCfg = Debug|Any CPU
		{99C78EA3-D816-4C74-8EC1-1F4AD65E06FC}.Debug|Any CPU.Build.0 = Debug|Any CPU
		{99C78EA3-D816-4C74-8EC1-1F4AD65E06FC}.Release|Any CPU.ActiveCfg = Release|Any CPU
		{99C78EA3-D816-4C74-8EC1-1F4AD65E06FC}.Release|Any CPU.Build.0 = Release|Any CPU
		{5849DABE-CDDB-4135-A18E-7459DEA1A3B6}.Debug|Any CPU.ActiveCfg = Debug|Any CPU
		{5849DABE-CDDB-4135-A18E-7459DEA1A3B6}.Debug|Any CPU.Build.0 = Debug|Any CPU
		{5849DABE-CDDB-4135-A18E-7459DEA1A3B6}.Release|Any CPU.ActiveCfg = Release|Any CPU
		{5849DABE-CDDB-4135-A18E-7459DEA1A3B6}.Release|Any CPU.Build.0 = Release|Any CPU
		{263E7E99-FF37-4EB2-9C43-95A517672A77}.Debug|Any CPU.ActiveCfg = Debug|Any CPU
		{263E7E99-FF37-4EB2-9C43-95A517672A77}.Debug|Any CPU.Build.0 = Debug|Any CPU
		{263E7E99-FF37-4EB2-9C43-95A517672A77}.Release|Any CPU.ActiveCfg = Release|Any CPU
		{263E7E99-FF37-4EB2-9C43-95A517672A77}.Release|Any CPU.Build.0 = Release|Any CPU
	EndGlobalSection
	GlobalSection(SolutionProperties) = preSolution
		HideSolutionNode = FALSE
	EndGlobalSection
	GlobalSection(ExtensibilityGlobals) = postSolution
		SolutionGuid = {0777CE39-BD6D-4474-B63B-F8BC6816292B}
	EndGlobalSection
EndGlobal
