
Microsoft Visual Studio Solution File, Format Version 12.00
Project("{FAE04EC0-301F-11D3-BF4B-00C04F79EFBC}") = "RGU.Magisters.Dev", "RGU.Magisters.Dev\RGU.Magisters.Dev.csproj", "{DEAC625E-72A1-4322-A928-9DB336945068}"
EndProject
Global
	GlobalSection(SolutionConfigurationPlatforms) = preSolution
		Debug|Any CPU = Debug|Any CPU
		Release|Any CPU = Release|Any CPU
	EndGlobalSection
	GlobalSection(ProjectConfigurationPlatforms) = postSolution
		{DEAC625E-72A1-4322-A928-9DB336945068}.Debug|Any CPU.ActiveCfg = Debug|Any CPU
		{DEAC625E-72A1-4322-A928-9DB336945068}.Debug|Any CPU.Build.0 = Debug|Any CPU
		{DEAC625E-72A1-4322-A928-9DB336945068}.Release|Any CPU.ActiveCfg = Release|Any CPU
		{DEAC625E-72A1-4322-A928-9DB336945068}.Release|Any CPU.Build.0 = Release|Any CPU
	EndGlobalSection
EndGlobal
