
Microsoft Visual Studio Solution File, Format Version 12.00
Project("{FAE04EC0-301F-11D3-BF4B-00C04F79EFBC}") = "RGU.DataBases.ClientApplication.Launcher.App", "RGU.DataBases.ClientApplication.Launcher.App\RGU.DataBases.ClientApplication.Launcher.App.csproj", "{612E8548-0E69-4D6A-9573-2349DA1874F7}"
EndProject
Global
	GlobalSection(SolutionConfigurationPlatforms) = preSolution
		Debug|Any CPU = Debug|Any CPU
		Release|Any CPU = Release|Any CPU
	EndGlobalSection
	GlobalSection(ProjectConfigurationPlatforms) = postSolution
		{612E8548-0E69-4D6A-9573-2349DA1874F7}.Debug|Any CPU.ActiveCfg = Debug|Any CPU
		{612E8548-0E69-4D6A-9573-2349DA1874F7}.Debug|Any CPU.Build.0 = Debug|Any CPU
		{612E8548-0E69-4D6A-9573-2349DA1874F7}.Release|Any CPU.ActiveCfg = Release|Any CPU
		{612E8548-0E69-4D6A-9573-2349DA1874F7}.Release|Any CPU.Build.0 = Release|Any CPU
	EndGlobalSection
EndGlobal
