
Microsoft Visual Studio Solution File, Format Version 12.00
Project("{FAE04EC0-301F-11D3-BF4B-00C04F79EFBC}") = "RGU.WebProgramming.Server", "RGU.WebProgramming.Server\RGU.WebProgramming.Server.csproj", "{912406E5-244D-410E-8F33-FF5D7929CB4A}"
EndProject
Project("{FAE04EC0-301F-11D3-BF4B-00C04F79EFBC}") = "RGU.WebProgramming.Client", "RGU.WebProgramming.Client\RGU.WebProgramming.Client.csproj", "{A766CEFA-2410-4C61-B847-A14D6F8C392F}"
EndProject
Project("{FAE04EC0-301F-11D3-BF4B-00C04F79EFBC}") = "RGU.WebProgramming.Server.Core", "RGU.WebProgramming.Server.Core\RGU.WebProgramming.Server.Core.csproj", "{60A1EF5F-86D4-40B5-8CD6-78CDDB37D0CC}"
EndProject
Project("{2150E333-8FDC-42A3-9474-1A3956D46DE8}") = "Client", "Client", "{09F42673-9081-4071-8552-24B73682E7A8}"
EndProject
Project("{2150E333-8FDC-42A3-9474-1A3956D46DE8}") = "Server", "Server", "{8D0EDA0B-4D6D-466D-B94C-263820ED6C4E}"
EndProject
Project("{2150E333-8FDC-42A3-9474-1A3956D46DE8}") = "Modules", "Modules", "{7A3C2F7B-3390-492B-8500-73F1C77737F8}"
EndProject
Project("{FAE04EC0-301F-11D3-BF4B-00C04F79EFBC}") = "RGU.WebProgramming.Server.Grpc", "RGU.WebProgramming.Server.Grpc\RGU.WebProgramming.Server.Grpc.csproj", "{FF26EA1B-2ECC-489E-A822-FD9FED956A7B}"
EndProject
Project("{FAE04EC0-301F-11D3-BF4B-00C04F79EFBC}") = "RGU.WebProgramming.Server.MyFirstServiceImplementation", "RGU.WebProgramming.Server.MyFirstServiceImplementation\RGU.WebProgramming.Server.MyFirstServiceImplementation.csproj", "{4E7CCFD0-80E9-49E8-9F81-57164AE2747E}"
EndProject
Project("{FAE04EC0-301F-11D3-BF4B-00C04F79EFBC}") = "RGU.WebProgramming.Client.Grpc", "RGU.WebProgramming.Client.Grpc\RGU.WebProgramming.Client.Grpc.csproj", "{0A2A06F8-C13E-412A-AC0D-E8DA8A72152D}"
EndProject
Project("{2150E333-8FDC-42A3-9474-1A3956D46DE8}") = "Core", "Core", "{25BEA756-A112-4123-BFE4-188273060CB4}"
EndProject
Project("{FAE04EC0-301F-11D3-BF4B-00C04F79EFBC}") = "RGU.WebProgramming.Core", "RGU.WebProgramming.Core\RGU.WebProgramming.Core.csproj", "{F5E76C5F-B656-4891-9F63-75C898E01C2C}"
EndProject
Global
	GlobalSection(SolutionConfigurationPlatforms) = preSolution
		Debug|Any CPU = Debug|Any CPU
		Release|Any CPU = Release|Any CPU
	EndGlobalSection
	GlobalSection(ProjectConfigurationPlatforms) = postSolution
		{912406E5-244D-410E-8F33-FF5D7929CB4A}.Debug|Any CPU.ActiveCfg = Debug|Any CPU
		{912406E5-244D-410E-8F33-FF5D7929CB4A}.Debug|Any CPU.Build.0 = Debug|Any CPU
		{912406E5-244D-410E-8F33-FF5D7929CB4A}.Release|Any CPU.ActiveCfg = Release|Any CPU
		{912406E5-244D-410E-8F33-FF5D7929CB4A}.Release|Any CPU.Build.0 = Release|Any CPU
		{A766CEFA-2410-4C61-B847-A14D6F8C392F}.Debug|Any CPU.ActiveCfg = Debug|Any CPU
		{A766CEFA-2410-4C61-B847-A14D6F8C392F}.Debug|Any CPU.Build.0 = Debug|Any CPU
		{A766CEFA-2410-4C61-B847-A14D6F8C392F}.Release|Any CPU.ActiveCfg = Release|Any CPU
		{A766CEFA-2410-4C61-B847-A14D6F8C392F}.Release|Any CPU.Build.0 = Release|Any CPU
		{60A1EF5F-86D4-40B5-8CD6-78CDDB37D0CC}.Debug|Any CPU.ActiveCfg = Debug|Any CPU
		{60A1EF5F-86D4-40B5-8CD6-78CDDB37D0CC}.Debug|Any CPU.Build.0 = Debug|Any CPU
		{60A1EF5F-86D4-40B5-8CD6-78CDDB37D0CC}.Release|Any CPU.ActiveCfg = Release|Any CPU
		{60A1EF5F-86D4-40B5-8CD6-78CDDB37D0CC}.Release|Any CPU.Build.0 = Release|Any CPU
		{FF26EA1B-2ECC-489E-A822-FD9FED956A7B}.Debug|Any CPU.ActiveCfg = Debug|Any CPU
		{FF26EA1B-2ECC-489E-A822-FD9FED956A7B}.Debug|Any CPU.Build.0 = Debug|Any CPU
		{FF26EA1B-2ECC-489E-A822-FD9FED956A7B}.Release|Any CPU.ActiveCfg = Release|Any CPU
		{FF26EA1B-2ECC-489E-A822-FD9FED956A7B}.Release|Any CPU.Build.0 = Release|Any CPU
		{4E7CCFD0-80E9-49E8-9F81-57164AE2747E}.Debug|Any CPU.ActiveCfg = Debug|Any CPU
		{4E7CCFD0-80E9-49E8-9F81-57164AE2747E}.Debug|Any CPU.Build.0 = Debug|Any CPU
		{4E7CCFD0-80E9-49E8-9F81-57164AE2747E}.Release|Any CPU.ActiveCfg = Release|Any CPU
		{4E7CCFD0-80E9-49E8-9F81-57164AE2747E}.Release|Any CPU.Build.0 = Release|Any CPU
		{0A2A06F8-C13E-412A-AC0D-E8DA8A72152D}.Debug|Any CPU.ActiveCfg = Debug|Any CPU
		{0A2A06F8-C13E-412A-AC0D-E8DA8A72152D}.Debug|Any CPU.Build.0 = Debug|Any CPU
		{0A2A06F8-C13E-412A-AC0D-E8DA8A72152D}.Release|Any CPU.ActiveCfg = Release|Any CPU
		{0A2A06F8-C13E-412A-AC0D-E8DA8A72152D}.Release|Any CPU.Build.0 = Release|Any CPU
		{F5E76C5F-B656-4891-9F63-75C898E01C2C}.Debug|Any CPU.ActiveCfg = Debug|Any CPU
		{F5E76C5F-B656-4891-9F63-75C898E01C2C}.Debug|Any CPU.Build.0 = Debug|Any CPU
		{F5E76C5F-B656-4891-9F63-75C898E01C2C}.Release|Any CPU.ActiveCfg = Release|Any CPU
		{F5E76C5F-B656-4891-9F63-75C898E01C2C}.Release|Any CPU.Build.0 = Release|Any CPU
	EndGlobalSection
	GlobalSection(NestedProjects) = preSolution
		{A766CEFA-2410-4C61-B847-A14D6F8C392F} = {09F42673-9081-4071-8552-24B73682E7A8}
		{912406E5-244D-410E-8F33-FF5D7929CB4A} = {8D0EDA0B-4D6D-466D-B94C-263820ED6C4E}
		{60A1EF5F-86D4-40B5-8CD6-78CDDB37D0CC} = {8D0EDA0B-4D6D-466D-B94C-263820ED6C4E}
		{7A3C2F7B-3390-492B-8500-73F1C77737F8} = {8D0EDA0B-4D6D-466D-B94C-263820ED6C4E}
		{FF26EA1B-2ECC-489E-A822-FD9FED956A7B} = {7A3C2F7B-3390-492B-8500-73F1C77737F8}
		{4E7CCFD0-80E9-49E8-9F81-57164AE2747E} = {7A3C2F7B-3390-492B-8500-73F1C77737F8}
		{0A2A06F8-C13E-412A-AC0D-E8DA8A72152D} = {09F42673-9081-4071-8552-24B73682E7A8}
		{F5E76C5F-B656-4891-9F63-75C898E01C2C} = {25BEA756-A112-4123-BFE4-188273060CB4}
	EndGlobalSection
EndGlobal
